
Microsoft Visual Studio Solution File, Format Version 12.00
# Visual Studio 2012
Project("{FAE04EC0-301F-11D3-BF4B-00C04F79EFBC}") = "Faux86", "Source\Faux86.csproj", "{939EB573-3C85-4F8D-A3EC-01F6CA5F8A27}"
EndProject
Global
	GlobalSection(SolutionConfigurationPlatforms) = preSolution
		Debug|Any CPU = Debug|Any CPU
		Release|Any CPU = Release|Any CPU
	EndGlobalSection
	GlobalSection(ProjectConfigurationPlatforms) = postSolution
		{939EB573-3C85-4F8D-A3EC-01F6CA5F8A27}.Debug|Any CPU.ActiveCfg = Debug|Any CPU
		{939EB573-3C85-4F8D-A3EC-01F6CA5F8A27}.Debug|Any CPU.Build.0 = Debug|Any CPU
		{939EB573-3C85-4F8D-A3EC-01F6CA5F8A27}.Release|Any CPU.ActiveCfg = Release|Any CPU
		{939EB573-3C85-4F8D-A3EC-01F6CA5F8A27}.Release|Any CPU.Build.0 = Release|Any CPU
	EndGlobalSection
	GlobalSection(SolutionProperties) = preSolution
		HideSolutionNode = FALSE
	EndGlobalSection
EndGlobal
